
Microsoft Visual Studio Solution File, Format Version 12.00
# Visual Studio Version 16
VisualStudioVersion = 16.0.29613.14
MinimumVisualStudioVersion = 10.0.40219.1
Project("{9A19103F-16F7-4668-BE54-9A1E7A4F7556}") = "chapter09.web", "chapter09.web\chapter09.csproj", "{5D8223ED-0FA7-497E-9190-EC3E7A1BA000}"
EndProject
Project("{FAE04EC0-301F-11D3-BF4B-00C04F79EFBC}") = "chapter09.lib", "chapter09.lib\chapter09.lib.csproj", "{DE8C6686-2511-440A-850F-63E37978DA3A}"
EndProject
Project("{FAE04EC0-301F-11D3-BF4B-00C04F79EFBC}") = "chapter09.trainer", "chapter09.trainer\chapter09.trainer.csproj", "{34279D7D-648F-422F-9D62-F11414B21F1A}"
EndProject
Global
	GlobalSection(SolutionConfigurationPlatforms) = preSolution
		Debug|Any CPU = Debug|Any CPU
		Release|Any CPU = Release|Any CPU
	EndGlobalSection
	GlobalSection(ProjectConfigurationPlatforms) = postSolution
		{5D8223ED-0FA7-497E-9190-EC3E7A1BA000}.Debug|Any CPU.ActiveCfg = Debug|Any CPU
		{5D8223ED-0FA7-497E-9190-EC3E7A1BA000}.Debug|Any CPU.Build.0 = Debug|Any CPU
		{5D8223ED-0FA7-497E-9190-EC3E7A1BA000}.Release|Any CPU.ActiveCfg = Release|Any CPU
		{5D8223ED-0FA7-497E-9190-EC3E7A1BA000}.Release|Any CPU.Build.0 = Release|Any CPU
		{DE8C6686-2511-440A-850F-63E37978DA3A}.Debug|Any CPU.ActiveCfg = Debug|Any CPU
		{DE8C6686-2511-440A-850F-63E37978DA3A}.Debug|Any CPU.Build.0 = Debug|Any CPU
		{DE8C6686-2511-440A-850F-63E37978DA3A}.Release|Any CPU.ActiveCfg = Release|Any CPU
		{DE8C6686-2511-440A-850F-63E37978DA3A}.Release|Any CPU.Build.0 = Release|Any CPU
		{34279D7D-648F-422F-9D62-F11414B21F1A}.Debug|Any CPU.ActiveCfg = Debug|Any CPU
		{34279D7D-648F-422F-9D62-F11414B21F1A}.Debug|Any CPU.Build.0 = Debug|Any CPU
		{34279D7D-648F-422F-9D62-F11414B21F1A}.Release|Any CPU.ActiveCfg = Release|Any CPU
		{34279D7D-648F-422F-9D62-F11414B21F1A}.Release|Any CPU.Build.0 = Release|Any CPU
	EndGlobalSection
	GlobalSection(SolutionProperties) = preSolution
		HideSolutionNode = FALSE
	EndGlobalSection
	GlobalSection(ExtensibilityGlobals) = postSolution
		SolutionGuid = {006D1D28-03E7-4972-965F-42EBA1BDC29D}
	EndGlobalSection
EndGlobal
